// !$*UTF8*$!
{
	archiveVersion = 1;
	classes = {
	};
	objectVersion = 48;
	objects = {

/* Begin PBXBuildFile section */
		A2DA6ED0201A03E6003C00DD /* AppDelegate.swift in Sources */ = {isa = PBXBuildFile; fileRef = A2DA6ECF201A03E6003C00DD /* AppDelegate.swift */; };
		A2DA6ED2201A03E6003C00DD /* ViewController.swift in Sources */ = {isa = PBXBuildFile; fileRef = A2DA6ED1201A03E6003C00DD /* ViewController.swift */; };
		A2DA6ED5201A03E6003C00DD /* Main.storyboard in Resources */ = {isa = PBXBuildFile; fileRef = A2DA6ED3201A03E6003C00DD /* Main.storyboard */; };
		A2DA6ED7201A03E6003C00DD /* Assets.xcassets in Resources */ = {isa = PBXBuildFile; fileRef = A2DA6ED6201A03E6003C00DD /* Assets.xcassets */; };
		A2DA6EDA201A03E6003C00DD /* LaunchScreen.storyboard in Resources */ = {isa = PBXBuildFile; fileRef = A2DA6ED8201A03E6003C00DD /* LaunchScreen.storyboard */; };
		A2DA6EE2201A05A2003C00DD /* libz.1.2.5.tbd in Frameworks */ = {isa = PBXBuildFile; fileRef = A2DA6EE1201A05A2003C00DD /* libz.1.2.5.tbd */; };
		FFD1B342A9F1CE66D8A463A0 /* Pods_FlomioSDK_Example.framework in Frameworks */ = {isa = PBXBuildFile; fileRef = 97F47E3F23F09DAA6063E92C /* Pods_FlomioSDK_Example.framework */; };
/* End PBXBuildFile section */

/* Begin PBXFileReference section */
		94358AB87BBE6DBE637B8AAB /* Pods-FlomioSDK_Example.release.xcconfig */ = {isa = PBXFileReference; includeInIndex = 1; lastKnownFileType = text.xcconfig; name = "Pods-FlomioSDK_Example.release.xcconfig"; path = "Pods/Target Support Files/Pods-FlomioSDK_Example/Pods-FlomioSDK_Example.release.xcconfig"; sourceTree = "<group>"; };
		97F47E3F23F09DAA6063E92C /* Pods_FlomioSDK_Example.framework */ = {isa = PBXFileReference; explicitFileType = wrapper.framework; includeInIndex = 0; path = Pods_FlomioSDK_Example.framework; sourceTree = BUILT_PRODUCTS_DIR; };
		A2DA6ECC201A03E6003C00DD /* FlomioSDK_Example.app */ = {isa = PBXFileReference; explicitFileType = wrapper.application; includeInIndex = 0; path = FlomioSDK_Example.app; sourceTree = BUILT_PRODUCTS_DIR; };
		A2DA6ECF201A03E6003C00DD /* AppDelegate.swift */ = {isa = PBXFileReference; lastKnownFileType = sourcecode.swift; path = AppDelegate.swift; sourceTree = "<group>"; };
		A2DA6ED1201A03E6003C00DD /* ViewController.swift */ = {isa = PBXFileReference; lastKnownFileType = sourcecode.swift; path = ViewController.swift; sourceTree = "<group>"; };
		A2DA6ED4201A03E6003C00DD /* Base */ = {isa = PBXFileReference; lastKnownFileType = file.storyboard; name = Base; path = Base.lproj/Main.storyboard; sourceTree = "<group>"; };
		A2DA6ED6201A03E6003C00DD /* Assets.xcassets */ = {isa = PBXFileReference; lastKnownFileType = folder.assetcatalog; path = Assets.xcassets; sourceTree = "<group>"; };
		A2DA6ED9201A03E6003C00DD /* Base */ = {isa = PBXFileReference; lastKnownFileType = file.storyboard; name = Base; path = Base.lproj/LaunchScreen.storyboard; sourceTree = "<group>"; };
		A2DA6EDB201A03E6003C00DD /* Info.plist */ = {isa = PBXFileReference; lastKnownFileType = text.plist.xml; path = Info.plist; sourceTree = "<group>"; };
		A2DA6EE1201A05A2003C00DD /* libz.1.2.5.tbd */ = {isa = PBXFileReference; lastKnownFileType = "sourcecode.text-based-dylib-definition"; name = libz.1.2.5.tbd; path = usr/lib/libz.1.2.5.tbd; sourceTree = SDKROOT; };
		EBC7470A229A755EF20636AF /* Pods-FlomioSDK_Example.debug.xcconfig */ = {isa = PBXFileReference; includeInIndex = 1; lastKnownFileType = text.xcconfig; name = "Pods-FlomioSDK_Example.debug.xcconfig"; path = "Pods/Target Support Files/Pods-FlomioSDK_Example/Pods-FlomioSDK_Example.debug.xcconfig"; sourceTree = "<group>"; };
/* End PBXFileReference section */

/* Begin PBXFrameworksBuildPhase section */
		A2DA6EC9201A03E6003C00DD /* Frameworks */ = {
			isa = PBXFrameworksBuildPhase;
			buildActionMask = 2147483647;
			files = (
				A2DA6EE2201A05A2003C00DD /* libz.1.2.5.tbd in Frameworks */,
				FFD1B342A9F1CE66D8A463A0 /* Pods_FlomioSDK_Example.framework in Frameworks */,
			);
			runOnlyForDeploymentPostprocessing = 0;
		};
/* End PBXFrameworksBuildPhase section */

/* Begin PBXGroup section */
		A2DA6EC3201A03E6003C00DD = {
			isa = PBXGroup;
			children = (
				A2DA6ECE201A03E6003C00DD /* FlomioSDK_Example */,
				A2DA6ECD201A03E6003C00DD /* Products */,
				E6E0CDA8CF028C73A57DDA27 /* Frameworks */,
				FCDC48E9F16DC7F8098BE5CA /* Pods */,
			);
			sourceTree = "<group>";
		};
		A2DA6ECD201A03E6003C00DD /* Products */ = {
			isa = PBXGroup;
			children = (
				A2DA6ECC201A03E6003C00DD /* FlomioSDK_Example.app */,
			);
			name = Products;
			sourceTree = "<group>";
		};
		A2DA6ECE201A03E6003C00DD /* FlomioSDK_Example */ = {
			isa = PBXGroup;
			children = (
				A2DA6ECF201A03E6003C00DD /* AppDelegate.swift */,
				A2DA6ED1201A03E6003C00DD /* ViewController.swift */,
				A2DA6ED3201A03E6003C00DD /* Main.storyboard */,
				A2DA6ED6201A03E6003C00DD /* Assets.xcassets */,
				A2DA6ED8201A03E6003C00DD /* LaunchScreen.storyboard */,
				A2DA6EDB201A03E6003C00DD /* Info.plist */,
			);
			path = FlomioSDK_Example;
			sourceTree = "<group>";
		};
		E6E0CDA8CF028C73A57DDA27 /* Frameworks */ = {
			isa = PBXGroup;
			children = (
				A2DA6EE1201A05A2003C00DD /* libz.1.2.5.tbd */,
				97F47E3F23F09DAA6063E92C /* Pods_FlomioSDK_Example.framework */,
			);
			name = Frameworks;
			sourceTree = "<group>";
		};
		FCDC48E9F16DC7F8098BE5CA /* Pods */ = {
			isa = PBXGroup;
			children = (
				EBC7470A229A755EF20636AF /* Pods-FlomioSDK_Example.debug.xcconfig */,
				94358AB87BBE6DBE637B8AAB /* Pods-FlomioSDK_Example.release.xcconfig */,
			);
			name = Pods;
			sourceTree = "<group>";
		};
/* End PBXGroup section */

/* Begin PBXNativeTarget section */
		A2DA6ECB201A03E6003C00DD /* FlomioSDK_Example */ = {
			isa = PBXNativeTarget;
			buildConfigurationList = A2DA6EDE201A03E6003C00DD /* Build configuration list for PBXNativeTarget "FlomioSDK_Example" */;
			buildPhases = (
				1CC2986F4E50FDE49F16C63D /* [CP] Check Pods Manifest.lock */,
				A2DA6EC8201A03E6003C00DD /* Sources */,
				A2DA6EC9201A03E6003C00DD /* Frameworks */,
				A2DA6ECA201A03E6003C00DD /* Resources */,
				043A9FE9733B387614EF0E04 /* [CP] Embed Pods Frameworks */,
				9C18F8BB851A08EBF393A4A7 /* [CP] Copy Pods Resources */,
			);
			buildRules = (
			);
			dependencies = (
			);
			name = FlomioSDK_Example;
			productName = FlomioSDK_Example;
			productReference = A2DA6ECC201A03E6003C00DD /* FlomioSDK_Example.app */;
			productType = "com.apple.product-type.application";
		};
/* End PBXNativeTarget section */

/* Begin PBXProject section */
		A2DA6EC4201A03E6003C00DD /* Project object */ = {
			isa = PBXProject;
			attributes = {
				LastSwiftUpdateCheck = 0920;
				LastUpgradeCheck = 0930;
				ORGANIZATIONNAME = Flomio;
				TargetAttributes = {
					A2DA6ECB201A03E6003C00DD = {
						CreatedOnToolsVersion = 9.2;
						ProvisioningStyle = Automatic;
					};
				};
			};
			buildConfigurationList = A2DA6EC7201A03E6003C00DD /* Build configuration list for PBXProject "FlomioSDK_Example" */;
			compatibilityVersion = "Xcode 8.0";
			developmentRegion = en;
			hasScannedForEncodings = 0;
			knownRegions = (
				en,
				Base,
			);
			mainGroup = A2DA6EC3201A03E6003C00DD;
			productRefGroup = A2DA6ECD201A03E6003C00DD /* Products */;
			projectDirPath = "";
			projectRoot = "";
			targets = (
				A2DA6ECB201A03E6003C00DD /* FlomioSDK_Example */,
			);
		};
/* End PBXProject section */

/* Begin PBXResourcesBuildPhase section */
		A2DA6ECA201A03E6003C00DD /* Resources */ = {
			isa = PBXResourcesBuildPhase;
			buildActionMask = 2147483647;
			files = (
				A2DA6EDA201A03E6003C00DD /* LaunchScreen.storyboard in Resources */,
				A2DA6ED7201A03E6003C00DD /* Assets.xcassets in Resources */,
				A2DA6ED5201A03E6003C00DD /* Main.storyboard in Resources */,
			);
			runOnlyForDeploymentPostprocessing = 0;
		};
/* End PBXResourcesBuildPhase section */

/* Begin PBXShellScriptBuildPhase section */
		043A9FE9733B387614EF0E04 /* [CP] Embed Pods Frameworks */ = {
			isa = PBXShellScriptBuildPhase;
			buildActionMask = 2147483647;
			files = (
			);
			inputPaths = (
				"${SRCROOT}/Pods/Target Support Files/Pods-FlomioSDK_Example/Pods-FlomioSDK_Example-frameworks.sh",
				"${PODS_ROOT}/../../FlomioSDK/FlomioSDK.framework",
			);
			name = "[CP] Embed Pods Frameworks";
			outputPaths = (
				"${TARGET_BUILD_DIR}/${FRAMEWORKS_FOLDER_PATH}/FlomioSDK.framework",
			);
			runOnlyForDeploymentPostprocessing = 0;
			shellPath = /bin/sh;
			shellScript = "\"${SRCROOT}/Pods/Target Support Files/Pods-FlomioSDK_Example/Pods-FlomioSDK_Example-frameworks.sh\"\n";
			showEnvVarsInLog = 0;
		};
		1CC2986F4E50FDE49F16C63D /* [CP] Check Pods Manifest.lock */ = {
			isa = PBXShellScriptBuildPhase;
			buildActionMask = 2147483647;
			files = (
			);
			inputPaths = (
				"${PODS_PODFILE_DIR_PATH}/Podfile.lock",
				"${PODS_ROOT}/Manifest.lock",
			);
			name = "[CP] Check Pods Manifest.lock";
			outputPaths = (
				"$(DERIVED_FILE_DIR)/Pods-FlomioSDK_Example-checkManifestLockResult.txt",
			);
			runOnlyForDeploymentPostprocessing = 0;
			shellPath = /bin/sh;
			shellScript = "diff \"${PODS_PODFILE_DIR_PATH}/Podfile.lock\" \"${PODS_ROOT}/Manifest.lock\" > /dev/null\nif [ $? != 0 ] ; then\n    # print error to STDERR\n    echo \"error: The sandbox is not in sync with the Podfile.lock. Run 'pod install' or update your CocoaPods installation.\" >&2\n    exit 1\nfi\n# This output is used by Xcode 'outputs' to avoid re-running this script phase.\necho \"SUCCESS\" > \"${SCRIPT_OUTPUT_FILE_0}\"\n";
			showEnvVarsInLog = 0;
		};
		9C18F8BB851A08EBF393A4A7 /* [CP] Copy Pods Resources */ = {
			isa = PBXShellScriptBuildPhase;
			buildActionMask = 2147483647;
			files = (
			);
			inputPaths = (
				"${SRCROOT}/Pods/Target Support Files/Pods-FlomioSDK_Example/Pods-FlomioSDK_Example-resources.sh",
				"${PODS_CONFIGURATION_BUILD_DIR}/FlomioSDK/FlomioSDK.bundle",
			);
			name = "[CP] Copy Pods Resources";
			outputPaths = (
				"${TARGET_BUILD_DIR}/${UNLOCALIZED_RESOURCES_FOLDER_PATH}/FlomioSDK.bundle",
			);
			runOnlyForDeploymentPostprocessing = 0;
			shellPath = /bin/sh;
			shellScript = "\"${SRCROOT}/Pods/Target Support Files/Pods-FlomioSDK_Example/Pods-FlomioSDK_Example-resources.sh\"\n";
			showEnvVarsInLog = 0;
		};
/* End PBXShellScriptBuildPhase section */

/* Begin PBXSourcesBuildPhase section */
		A2DA6EC8201A03E6003C00DD /* Sources */ = {
			isa = PBXSourcesBuildPhase;
			buildActionMask = 2147483647;
			files = (
				A2DA6ED2201A03E6003C00DD /* ViewController.swift in Sources */,
				A2DA6ED0201A03E6003C00DD /* AppDelegate.swift in Sources */,
			);
			runOnlyForDeploymentPostprocessing = 0;
		};
/* End PBXSourcesBuildPhase section */

/* Begin PBXVariantGroup section */
		A2DA6ED3201A03E6003C00DD /* Main.storyboard */ = {
			isa = PBXVariantGroup;
			children = (
				A2DA6ED4201A03E6003C00DD /* Base */,
			);
			name = Main.storyboard;
			sourceTree = "<group>";
		};
		A2DA6ED8201A03E6003C00DD /* LaunchScreen.storyboard */ = {
			isa = PBXVariantGroup;
			children = (
				A2DA6ED9201A03E6003C00DD /* Base */,
			);
			name = LaunchScreen.storyboard;
			sourceTree = "<group>";
		};
/* End PBXVariantGroup section */

/* Begin XCBuildConfiguration section */
		A2DA6EDC201A03E6003C00DD /* Debug */ = {
			isa = XCBuildConfiguration;
			buildSettings = {
				ALWAYS_SEARCH_USER_PATHS = NO;
				CLANG_ANALYZER_NONNULL = YES;
				CLANG_ANALYZER_NUMBER_OBJECT_CONVERSION = YES_AGGRESSIVE;
				CLANG_CXX_LANGUAGE_STANDARD = "gnu++14";
				CLANG_CXX_LIBRARY = "libc++";
				CLANG_ENABLE_MODULES = YES;
				CLANG_ENABLE_OBJC_ARC = YES;
				CLANG_WARN_BLOCK_CAPTURE_AUTORELEASING = YES;
				CLANG_WARN_BOOL_CONVERSION = YES;
				CLANG_WARN_COMMA = YES;
				CLANG_WARN_CONSTANT_CONVERSION = YES;
				CLANG_WARN_DEPRECATED_OBJC_IMPLEMENTATIONS = YES;
				CLANG_WARN_DIRECT_OBJC_ISA_USAGE = YES_ERROR;
				CLANG_WARN_DOCUMENTATION_COMMENTS = YES;
				CLANG_WARN_EMPTY_BODY = YES;
				CLANG_WARN_ENUM_CONVERSION = YES;
				CLANG_WARN_INFINITE_RECURSION = YES;
				CLANG_WARN_INT_CONVERSION = YES;
				CLANG_WARN_NON_LITERAL_NULL_CONVERSION = YES;
				CLANG_WARN_OBJC_IMPLICIT_RETAIN_SELF = YES;
				CLANG_WARN_OBJC_LITERAL_CONVERSION = YES;
				CLANG_WARN_OBJC_ROOT_CLASS = YES_ERROR;
				CLANG_WARN_RANGE_LOOP_ANALYSIS = YES;
				CLANG_WARN_STRICT_PROTOTYPES = YES;
				CLANG_WARN_SUSPICIOUS_MOVE = YES;
				CLANG_WARN_UNGUARDED_AVAILABILITY = YES_AGGRESSIVE;
				CLANG_WARN_UNREACHABLE_CODE = YES;
				CLANG_WARN__DUPLICATE_METHOD_MATCH = YES;
				CODE_SIGN_IDENTITY = "iPhone Developer";
				COPY_PHASE_STRIP = NO;
				DEBUG_INFORMATION_FORMAT = dwarf;
				ENABLE_STRICT_OBJC_MSGSEND = YES;
				ENABLE_TESTABILITY = YES;
				GCC_C_LANGUAGE_STANDARD = gnu11;
				GCC_DYNAMIC_NO_PIC = NO;
				GCC_NO_COMMON_BLOCKS = YES;
				GCC_OPTIMIZATION_LEVEL = 0;
				GCC_PREPROCESSOR_DEFINITIONS = "$(inherited)";
				GCC_WARN_64_TO_32_BIT_CONVERSION = YES;
				GCC_WARN_ABOUT_RETURN_TYPE = YES_ERROR;
				GCC_WARN_UNDECLARED_SELECTOR = YES;
				GCC_WARN_UNINITIALIZED_AUTOS = YES_AGGRESSIVE;
				GCC_WARN_UNUSED_FUNCTION = YES;
				GCC_WARN_UNUSED_VARIABLE = YES;
				HEADER_SEARCH_PATHS = "/Users/scottcondron/Developer/flomio-sdk-ios/FlomioSDK/FlomioSDK.framework/Headers/";
				IPHONEOS_DEPLOYMENT_TARGET = 11.2;
				MTL_ENABLE_DEBUG_INFO = YES;
				ONLY_ACTIVE_ARCH = YES;
				SDKROOT = iphoneos;
				SWIFT_ACTIVE_COMPILATION_CONDITIONS = DEBUG;
				SWIFT_OPTIMIZATION_LEVEL = "-Onone";
			};
			name = Debug;
		};
		A2DA6EDD201A03E6003C00DD /* Release */ = {
			isa = XCBuildConfiguration;
			buildSettings = {
				ALWAYS_SEARCH_USER_PATHS = NO;
				CLANG_ANALYZER_NONNULL = YES;
				CLANG_ANALYZER_NUMBER_OBJECT_CONVERSION = YES_AGGRESSIVE;
				CLANG_CXX_LANGUAGE_STANDARD = "gnu++14";
				CLANG_CXX_LIBRARY = "libc++";
				CLANG_ENABLE_MODULES = YES;
				CLANG_ENABLE_OBJC_ARC = YES;
				CLANG_WARN_BLOCK_CAPTURE_AUTORELEASING = YES;
				CLANG_WARN_BOOL_CONVERSION = YES;
				CLANG_WARN_COMMA = YES;
				CLANG_WARN_CONSTANT_CONVERSION = YES;
				CLANG_WARN_DEPRECATED_OBJC_IMPLEMENTATIONS = YES;
				CLANG_WARN_DIRECT_OBJC_ISA_USAGE = YES_ERROR;
				CLANG_WARN_DOCUMENTATION_COMMENTS = YES;
				CLANG_WARN_EMPTY_BODY = YES;
				CLANG_WARN_ENUM_CONVERSION = YES;
				CLANG_WARN_INFINITE_RECURSION = YES;
				CLANG_WARN_INT_CONVERSION = YES;
				CLANG_WARN_NON_LITERAL_NULL_CONVERSION = YES;
				CLANG_WARN_OBJC_IMPLICIT_RETAIN_SELF = YES;
				CLANG_WARN_OBJC_LITERAL_CONVERSION = YES;
				CLANG_WARN_OBJC_ROOT_CLASS = YES_ERROR;
				CLANG_WARN_RANGE_LOOP_ANALYSIS = YES;
				CLANG_WARN_STRICT_PROTOTYPES = YES;
				CLANG_WARN_SUSPICIOUS_MOVE = YES;
				CLANG_WARN_UNGUARDED_AVAILABILITY = YES_AGGRESSIVE;
				CLANG_WARN_UNREACHABLE_CODE = YES;
				CLANG_WARN__DUPLICATE_METHOD_MATCH = YES;
				CODE_SIGN_IDENTITY = "iPhone Developer";
				COPY_PHASE_STRIP = NO;
				DEBUG_INFORMATION_FORMAT = "dwarf-with-dsym";
				ENABLE_NS_ASSERTIONS = NO;
				ENABLE_STRICT_OBJC_MSGSEND = YES;
				GCC_C_LANGUAGE_STANDARD = gnu11;
				GCC_NO_COMMON_BLOCKS = YES;
				GCC_WARN_64_TO_32_BIT_CONVERSION = YES;
				GCC_WARN_ABOUT_RETURN_TYPE = YES_ERROR;
				GCC_WARN_UNDECLARED_SELECTOR = YES;
				GCC_WARN_UNINITIALIZED_AUTOS = YES_AGGRESSIVE;
				GCC_WARN_UNUSED_FUNCTION = YES;
				GCC_WARN_UNUSED_VARIABLE = YES;
				HEADER_SEARCH_PATHS = "/Users/scottcondron/Developer/flomio-sdk-ios/FlomioSDK/FlomioSDK.framework/Headers/";
				IPHONEOS_DEPLOYMENT_TARGET = 11.2;
				MTL_ENABLE_DEBUG_INFO = NO;
				SDKROOT = iphoneos;
				SWIFT_OPTIMIZATION_LEVEL = "-Owholemodule";
				VALIDATE_PRODUCT = YES;
			};
			name = Release;
		};
		A2DA6EDF201A03E6003C00DD /* Debug */ = {
			isa = XCBuildConfiguration;
			baseConfigurationReference = EBC7470A229A755EF20636AF /* Pods-FlomioSDK_Example.debug.xcconfig */;
			buildSettings = {
				ASSETCATALOG_COMPILER_APPICON_NAME = AppIcon;
				CODE_SIGN_STYLE = Automatic;
				DEVELOPMENT_TEAM = Q338UYGFZ8;
				GCC_PREPROCESSOR_DEFINITIONS = "COCOAPODS=1";
				HEADER_SEARCH_PATHS = (
					"/Users/scottcondron/Developer/flomio-sdk-ios/FlomioSDK/FlomioSDK.framework/Headers/",
					"/Users/scottcondron/Developer/flomio-sdk-ios/FlomioSDK/FlomioSDK.framework/Headers/",
					"${inherited}",
				);
				INFOPLIST_FILE = FlomioSDK_Example/Info.plist;
				LD_RUNPATH_SEARCH_PATHS = "$(inherited) @executable_path/Frameworks";
				MTL_ENABLE_DEBUG_INFO = NO;
				PRODUCT_BUNDLE_IDENTIFIER = "com.flomio.FlomioSDK-Example";
				PRODUCT_NAME = "$(TARGET_NAME)";
				SWIFT_ACTIVE_COMPILATION_CONDITIONS = "";
				SWIFT_VERSION = 4.0;
				TARGETED_DEVICE_FAMILY = "1,2";
			};
			name = Debug;
		};
		A2DA6EE0201A03E6003C00DD /* Release */ = {
			isa = XCBuildConfiguration;
			baseConfigurationReference = 94358AB87BBE6DBE637B8AAB /* Pods-FlomioSDK_Example.release.xcconfig */;
			buildSettings = {
				ASSETCATALOG_COMPILER_APPICON_NAME = AppIcon;
				CODE_SIGN_STYLE = Automatic;
				DEVELOPMENT_TEAM = Q338UYGFZ8;
				HEADER_SEARCH_PATHS = (
					"/Users/scottcondron/Developer/flomio-sdk-ios/FlomioSDK/FlomioSDK.framework/Headers/",
					"/Users/scottcondron/Developer/flomio-sdk-ios/FlomioSDK/FlomioSDK.framework/Headers/",
					"${inherited}",
				);
				INFOPLIST_FILE = FlomioSDK_Example/Info.plist;
				LD_RUNPATH_SEARCH_PATHS = "$(inherited) @executable_path/Frameworks";
				PRODUCT_BUNDLE_IDENTIFIER = "com.flomio.FlomioSDK-Example";
				PRODUCT_NAME = "$(TARGET_NAME)";
				SWIFT_VERSION = 4.0;
				TARGETED_DEVICE_FAMILY = "1,2";
			};
			name = Release;
		};
/* End XCBuildConfiguration section */

/* Begin XCConfigurationList section */
		A2DA6EC7201A03E6003C00DD /* Build configuration list for PBXProject "FlomioSDK_Example" */ = {
			isa = XCConfigurationList;
			buildConfigurations = (
				A2DA6EDC201A03E6003C00DD /* Debug */,
				A2DA6EDD201A03E6003C00DD /* Release */,
			);
			defaultConfigurationIsVisible = 0;
			defaultConfigurationName = Release;
		};
		A2DA6EDE201A03E6003C00DD /* Build configuration list for PBXNativeTarget "FlomioSDK_Example" */ = {
			isa = XCConfigurationList;
			buildConfigurations = (
				A2DA6EDF201A03E6003C00DD /* Debug */,
				A2DA6EE0201A03E6003C00DD /* Release */,
			);
			defaultConfigurationIsVisible = 0;
			defaultConfigurationName = Release;
		};
/* End XCConfigurationList section */
	};
	rootObject = A2DA6EC4201A03E6003C00DD /* Project object */;
}
